// !$*UTF8*$!
{
	archiveVersion = 1;
	classes = {
	};
	objectVersion = 46;
	objects = {

/* Begin PBXBuildFile section */
		85D23201212F3D8A00A55514 /* AppDelegate.swift in Sources */ = {isa = PBXBuildFile; fileRef = 85D23200212F3D8A00A55514 /* AppDelegate.swift */; };
		85D23203212F3D8A00A55514 /* ViewController.swift in Sources */ = {isa = PBXBuildFile; fileRef = 85D23202212F3D8A00A55514 /* ViewController.swift */; };
		85D23206212F3D8A00A55514 /* Main.storyboard in Resources */ = {isa = PBXBuildFile; fileRef = 85D23204212F3D8A00A55514 /* Main.storyboard */; };
		85D23208212F3D8A00A55514 /* Assets.xcassets in Resources */ = {isa = PBXBuildFile; fileRef = 85D23207212F3D8A00A55514 /* Assets.xcassets */; };
		85D2320B212F3D8A00A55514 /* LaunchScreen.storyboard in Resources */ = {isa = PBXBuildFile; fileRef = 85D23209212F3D8A00A55514 /* LaunchScreen.storyboard */; };
		85D23216212F3D8B00A55514 /* NavegacionDosTests.swift in Sources */ = {isa = PBXBuildFile; fileRef = 85D23215212F3D8B00A55514 /* NavegacionDosTests.swift */; };
		85D23221212F3D8B00A55514 /* NavegacionDosUITests.swift in Sources */ = {isa = PBXBuildFile; fileRef = 85D23220212F3D8B00A55514 /* NavegacionDosUITests.swift */; };
/* End PBXBuildFile section */

/* Begin PBXContainerItemProxy section */
		85D23212212F3D8B00A55514 /* PBXContainerItemProxy */ = {
			isa = PBXContainerItemProxy;
			containerPortal = 85D231F5212F3D8A00A55514 /* Project object */;
			proxyType = 1;
			remoteGlobalIDString = 85D231FC212F3D8A00A55514;
			remoteInfo = NavegacionDos;
		};
		85D2321D212F3D8B00A55514 /* PBXContainerItemProxy */ = {
			isa = PBXContainerItemProxy;
			containerPortal = 85D231F5212F3D8A00A55514 /* Project object */;
			proxyType = 1;
			remoteGlobalIDString = 85D231FC212F3D8A00A55514;
			remoteInfo = NavegacionDos;
		};
/* End PBXContainerItemProxy section */

/* Begin PBXFileReference section */
		85D231FD212F3D8A00A55514 /* NavegacionDos.app */ = {isa = PBXFileReference; explicitFileType = wrapper.application; includeInIndex = 0; path = NavegacionDos.app; sourceTree = BUILT_PRODUCTS_DIR; };
		85D23200212F3D8A00A55514 /* AppDelegate.swift */ = {isa = PBXFileReference; lastKnownFileType = sourcecode.swift; path = AppDelegate.swift; sourceTree = "<group>"; };
		85D23202212F3D8A00A55514 /* ViewController.swift */ = {isa = PBXFileReference; lastKnownFileType = sourcecode.swift; path = ViewController.swift; sourceTree = "<group>"; };
		85D23205212F3D8A00A55514 /* Base */ = {isa = PBXFileReference; lastKnownFileType = file.storyboard; name = Base; path = Base.lproj/Main.storyboard; sourceTree = "<group>"; };
		85D23207212F3D8A00A55514 /* Assets.xcassets */ = {isa = PBXFileReference; lastKnownFileType = folder.assetcatalog; path = Assets.xcassets; sourceTree = "<group>"; };
		85D2320A212F3D8A00A55514 /* Base */ = {isa = PBXFileReference; lastKnownFileType = file.storyboard; name = Base; path = Base.lproj/LaunchScreen.storyboard; sourceTree = "<group>"; };
		85D2320C212F3D8A00A55514 /* Info.plist */ = {isa = PBXFileReference; lastKnownFileType = text.plist.xml; path = Info.plist; sourceTree = "<group>"; };
		85D23211212F3D8B00A55514 /* NavegacionDosTests.xctest */ = {isa = PBXFileReference; explicitFileType = wrapper.cfbundle; includeInIndex = 0; path = NavegacionDosTests.xctest; sourceTree = BUILT_PRODUCTS_DIR; };
		85D23215212F3D8B00A55514 /* NavegacionDosTests.swift */ = {isa = PBXFileReference; lastKnownFileType = sourcecode.swift; path = NavegacionDosTests.swift; sourceTree = "<group>"; };
		85D23217212F3D8B00A55514 /* Info.plist */ = {isa = PBXFileReference; lastKnownFileType = text.plist.xml; path = Info.plist; sourceTree = "<group>"; };
		85D2321C212F3D8B00A55514 /* NavegacionDosUITests.xctest */ = {isa = PBXFileReference; explicitFileType = wrapper.cfbundle; includeInIndex = 0; path = NavegacionDosUITests.xctest; sourceTree = BUILT_PRODUCTS_DIR; };
		85D23220212F3D8B00A55514 /* NavegacionDosUITests.swift */ = {isa = PBXFileReference; lastKnownFileType = sourcecode.swift; path = NavegacionDosUITests.swift; sourceTree = "<group>"; };
		85D23222212F3D8B00A55514 /* Info.plist */ = {isa = PBXFileReference; lastKnownFileType = text.plist.xml; path = Info.plist; sourceTree = "<group>"; };
/* End PBXFileReference section */

/* Begin PBXFrameworksBuildPhase section */
		85D231FA212F3D8A00A55514 /* Frameworks */ = {
			isa = PBXFrameworksBuildPhase;
			buildActionMask = 2147483647;
			files = (
			);
			runOnlyForDeploymentPostprocessing = 0;
		};
		85D2320E212F3D8B00A55514 /* Frameworks */ = {
			isa = PBXFrameworksBuildPhase;
			buildActionMask = 2147483647;
			files = (
			);
			runOnlyForDeploymentPostprocessing = 0;
		};
		85D23219212F3D8B00A55514 /* Frameworks */ = {
			isa = PBXFrameworksBuildPhase;
			buildActionMask = 2147483647;
			files = (
			);
			runOnlyForDeploymentPostprocessing = 0;
		};
/* End PBXFrameworksBuildPhase section */

/* Begin PBXGroup section */
		85D231F4212F3D8A00A55514 = {
			isa = PBXGroup;
			children = (
				85D231FF212F3D8A00A55514 /* NavegacionDos */,
				85D23214212F3D8B00A55514 /* NavegacionDosTests */,
				85D2321F212F3D8B00A55514 /* NavegacionDosUITests */,
				85D231FE212F3D8A00A55514 /* Products */,
			);
			sourceTree = "<group>";
		};
		85D231FE212F3D8A00A55514 /* Products */ = {
			isa = PBXGroup;
			children = (
				85D231FD212F3D8A00A55514 /* NavegacionDos.app */,
				85D23211212F3D8B00A55514 /* NavegacionDosTests.xctest */,
				85D2321C212F3D8B00A55514 /* NavegacionDosUITests.xctest */,
			);
			name = Products;
			sourceTree = "<group>";
		};
		85D231FF212F3D8A00A55514 /* NavegacionDos */ = {
			isa = PBXGroup;
			children = (
				85D23200212F3D8A00A55514 /* AppDelegate.swift */,
				85D23202212F3D8A00A55514 /* ViewController.swift */,
				85D23204212F3D8A00A55514 /* Main.storyboard */,
				85D23207212F3D8A00A55514 /* Assets.xcassets */,
				85D23209212F3D8A00A55514 /* LaunchScreen.storyboard */,
				85D2320C212F3D8A00A55514 /* Info.plist */,
			);
			path = NavegacionDos;
			sourceTree = "<group>";
		};
		85D23214212F3D8B00A55514 /* NavegacionDosTests */ = {
			isa = PBXGroup;
			children = (
				85D23215212F3D8B00A55514 /* NavegacionDosTests.swift */,
				85D23217212F3D8B00A55514 /* Info.plist */,
			);
			path = NavegacionDosTests;
			sourceTree = "<group>";
		};
		85D2321F212F3D8B00A55514 /* NavegacionDosUITests */ = {
			isa = PBXGroup;
			children = (
				85D23220212F3D8B00A55514 /* NavegacionDosUITests.swift */,
				85D23222212F3D8B00A55514 /* Info.plist */,
			);
			path = NavegacionDosUITests;
			sourceTree = "<group>";
		};
/* End PBXGroup section */

/* Begin PBXNativeTarget section */
		85D231FC212F3D8A00A55514 /* NavegacionDos */ = {
			isa = PBXNativeTarget;
			buildConfigurationList = 85D23225212F3D8B00A55514 /* Build configuration list for PBXNativeTarget "NavegacionDos" */;
			buildPhases = (
				85D231F9212F3D8A00A55514 /* Sources */,
				85D231FA212F3D8A00A55514 /* Frameworks */,
				85D231FB212F3D8A00A55514 /* Resources */,
			);
			buildRules = (
			);
			dependencies = (
			);
			name = NavegacionDos;
			productName = NavegacionDos;
			productReference = 85D231FD212F3D8A00A55514 /* NavegacionDos.app */;
			productType = "com.apple.product-type.application";
		};
		85D23210212F3D8B00A55514 /* NavegacionDosTests */ = {
			isa = PBXNativeTarget;
			buildConfigurationList = 85D23228212F3D8B00A55514 /* Build configuration list for PBXNativeTarget "NavegacionDosTests" */;
			buildPhases = (
				85D2320D212F3D8B00A55514 /* Sources */,
				85D2320E212F3D8B00A55514 /* Frameworks */,
				85D2320F212F3D8B00A55514 /* Resources */,
			);
			buildRules = (
			);
			dependencies = (
				85D23213212F3D8B00A55514 /* PBXTargetDependency */,
			);
			name = NavegacionDosTests;
			productName = NavegacionDosTests;
			productReference = 85D23211212F3D8B00A55514 /* NavegacionDosTests.xctest */;
			productType = "com.apple.product-type.bundle.unit-test";
		};
		85D2321B212F3D8B00A55514 /* NavegacionDosUITests */ = {
			isa = PBXNativeTarget;
			buildConfigurationList = 85D2322B212F3D8B00A55514 /* Build configuration list for PBXNativeTarget "NavegacionDosUITests" */;
			buildPhases = (
				85D23218212F3D8B00A55514 /* Sources */,
				85D23219212F3D8B00A55514 /* Frameworks */,
				85D2321A212F3D8B00A55514 /* Resources */,
			);
			buildRules = (
			);
			dependencies = (
				85D2321E212F3D8B00A55514 /* PBXTargetDependency */,
			);
			name = NavegacionDosUITests;
			productName = NavegacionDosUITests;
			productReference = 85D2321C212F3D8B00A55514 /* NavegacionDosUITests.xctest */;
			productType = "com.apple.product-type.bundle.ui-testing";
		};
/* End PBXNativeTarget section */

/* Begin PBXProject section */
		85D231F5212F3D8A00A55514 /* Project object */ = {
			isa = PBXProject;
			attributes = {
				LastSwiftUpdateCheck = 0730;
				LastUpgradeCheck = 0730;
				ORGANIZATIONNAME = David;
				TargetAttributes = {
					85D231FC212F3D8A00A55514 = {
						CreatedOnToolsVersion = 7.3.1;
					};
					85D23210212F3D8B00A55514 = {
						CreatedOnToolsVersion = 7.3.1;
						TestTargetID = 85D231FC212F3D8A00A55514;
					};
					85D2321B212F3D8B00A55514 = {
						CreatedOnToolsVersion = 7.3.1;
						TestTargetID = 85D231FC212F3D8A00A55514;
					};
				};
			};
			buildConfigurationList = 85D231F8212F3D8A00A55514 /* Build configuration list for PBXProject "NavegacionDos" */;
			compatibilityVersion = "Xcode 3.2";
			developmentRegion = English;
			hasScannedForEncodings = 0;
			knownRegions = (
				en,
				Base,
			);
			mainGroup = 85D231F4212F3D8A00A55514;
			productRefGroup = 85D231FE212F3D8A00A55514 /* Products */;
			projectDirPath = "";
			projectRoot = "";
			targets = (
				85D231FC212F3D8A00A55514 /* NavegacionDos */,
				85D23210212F3D8B00A55514 /* NavegacionDosTests */,
				85D2321B212F3D8B00A55514 /* NavegacionDosUITests */,
			);
		};
/* End PBXProject section */

/* Begin PBXResourcesBuildPhase section */
		85D231FB212F3D8A00A55514 /* Resources */ = {
			isa = PBXResourcesBuildPhase;
			buildActionMask = 2147483647;
			files = (
				85D2320B212F3D8A00A55514 /* LaunchScreen.storyboard in Resources */,
				85D23208212F3D8A00A55514 /* Assets.xcassets in Resources */,
				85D23206212F3D8A00A55514 /* Main.storyboard in Resources */,
			);
			runOnlyForDeploymentPostprocessing = 0;
		};
		85D2320F212F3D8B00A55514 /* Resources */ = {
			isa = PBXResourcesBuildPhase;
			buildActionMask = 2147483647;
			files = (
			);
			runOnlyForDeploymentPostprocessing = 0;
		};
		85D2321A212F3D8B00A55514 /* Resources */ = {
			isa = PBXResourcesBuildPhase;
			buildActionMask = 2147483647;
			files = (
			);
			runOnlyForDeploymentPostprocessing = 0;
		};
/* End PBXResourcesBuildPhase section */

/* Begin PBXSourcesBuildPhase section */
		85D231F9212F3D8A00A55514 /* Sources */ = {
			isa = PBXSourcesBuildPhase;
			buildActionMask = 2147483647;
			files = (
				85D23203212F3D8A00A55514 /* ViewController.swift in Sources */,
				85D23201212F3D8A00A55514 /* AppDelegate.swift in Sources */,
			);
			runOnlyForDeploymentPostprocessing = 0;
		};
		85D2320D212F3D8B00A55514 /* Sources */ = {
			isa = PBXSourcesBuildPhase;
			buildActionMask = 2147483647;
			files = (
				85D23216212F3D8B00A55514 /* NavegacionDosTests.swift in Sources */,
			);
			runOnlyForDeploymentPostprocessing = 0;
		};
		85D23218212F3D8B00A55514 /* Sources */ = {
			isa = PBXSourcesBuildPhase;
			buildActionMask = 2147483647;
			files = (
				85D23221212F3D8B00A55514 /* NavegacionDosUITests.swift in Sources */,
			);
			runOnlyForDeploymentPostprocessing = 0;
		};
/* End PBXSourcesBuildPhase section */

/* Begin PBXTargetDependency section */
		85D23213212F3D8B00A55514 /* PBXTargetDependency */ = {
			isa = PBXTargetDependency;
			target = 85D231FC212F3D8A00A55514 /* NavegacionDos */;
			targetProxy = 85D23212212F3D8B00A55514 /* PBXContainerItemProxy */;
		};
		85D2321E212F3D8B00A55514 /* PBXTargetDependency */ = {
			isa = PBXTargetDependency;
			target = 85D231FC212F3D8A00A55514 /* NavegacionDos */;
			targetProxy = 85D2321D212F3D8B00A55514 /* PBXContainerItemProxy */;
		};
/* End PBXTargetDependency section */

/* Begin PBXVariantGroup section */
		85D23204212F3D8A00A55514 /* Main.storyboard */ = {
			isa = PBXVariantGroup;
			children = (
				85D23205212F3D8A00A55514 /* Base */,
			);
			name = Main.storyboard;
			sourceTree = "<group>";
		};
		85D23209212F3D8A00A55514 /* LaunchScreen.storyboard */ = {
			isa = PBXVariantGroup;
			children = (
				85D2320A212F3D8A00A55514 /* Base */,
			);
			name = LaunchScreen.storyboard;
			sourceTree = "<group>";
		};
/* End PBXVariantGroup section */

/* Begin XCBuildConfiguration section */
		85D23223212F3D8B00A55514 /* Debug */ = {
			isa = XCBuildConfiguration;
			buildSettings = {
				ALWAYS_SEARCH_USER_PATHS = NO;
				CLANG_ANALYZER_NONNULL = YES;
				CLANG_CXX_LANGUAGE_STANDARD = "gnu++0x";
				CLANG_CXX_LIBRARY = "libc++";
				CLANG_ENABLE_MODULES = YES;
				CLANG_ENABLE_OBJC_ARC = YES;
				CLANG_WARN_BOOL_CONVERSION = YES;
				CLANG_WARN_CONSTANT_CONVERSION = YES;
				CLANG_WARN_DIRECT_OBJC_ISA_USAGE = YES_ERROR;
				CLANG_WARN_EMPTY_BODY = YES;
				CLANG_WARN_ENUM_CONVERSION = YES;
				CLANG_WARN_INT_CONVERSION = YES;
				CLANG_WARN_OBJC_ROOT_CLASS = YES_ERROR;
				CLANG_WARN_UNREACHABLE_CODE = YES;
				CLANG_WARN__DUPLICATE_METHOD_MATCH = YES;
				"CODE_SIGN_IDENTITY[sdk=iphoneos*]" = "iPhone Developer";
				COPY_PHASE_STRIP = NO;
				DEBUG_INFORMATION_FORMAT = dwarf;
				ENABLE_STRICT_OBJC_MSGSEND = YES;
				ENABLE_TESTABILITY = YES;
				GCC_C_LANGUAGE_STANDARD = gnu99;
				GCC_DYNAMIC_NO_PIC = NO;
				GCC_NO_COMMON_BLOCKS = YES;
				GCC_OPTIMIZATION_LEVEL = 0;
				GCC_PREPROCESSOR_DEFINITIONS = (
					"DEBUG=1",
					"$(inherited)",
				);
				GCC_WARN_64_TO_32_BIT_CONVERSION = YES;
				GCC_WARN_ABOUT_RETURN_TYPE = YES_ERROR;
				GCC_WARN_UNDECLARED_SELECTOR = YES;
				GCC_WARN_UNINITIALIZED_AUTOS = YES_AGGRESSIVE;
				GCC_WARN_UNUSED_FUNCTION = YES;
				GCC_WARN_UNUSED_VARIABLE = YES;
				IPHONEOS_DEPLOYMENT_TARGET = 9.3;
				MTL_ENABLE_DEBUG_INFO = YES;
				ONLY_ACTIVE_ARCH = YES;
				SDKROOT = iphoneos;
				SWIFT_OPTIMIZATION_LEVEL = "-Onone";
				TARGETED_DEVICE_FAMILY = "1,2";
			};
			name = Debug;
		};
		85D23224212F3D8B00A55514 /* Release */ = {
			isa = XCBuildConfiguration;
			buildSettings = {
				ALWAYS_SEARCH_USER_PATHS = NO;
				CLANG_ANALYZER_NONNULL = YES;
				CLANG_CXX_LANGUAGE_STANDARD = "gnu++0x";
				CLANG_CXX_LIBRARY = "libc++";
				CLANG_ENABLE_MODULES = YES;
				CLANG_ENABLE_OBJC_ARC = YES;
				CLANG_WARN_BOOL_CONVERSION = YES;
				CLANG_WARN_CONSTANT_CONVERSION = YES;
				CLANG_WARN_DIRECT_OBJC_ISA_USAGE = YES_ERROR;
				CLANG_WARN_EMPTY_BODY = YES;
				CLANG_WARN_ENUM_CONVERSION = YES;
				CLANG_WARN_INT_CONVERSION = YES;
				CLANG_WARN_OBJC_ROOT_CLASS = YES_ERROR;
				CLANG_WARN_UNREACHABLE_CODE = YES;
				CLANG_WARN__DUPLICATE_METHOD_MATCH = YES;
				"CODE_SIGN_IDENTITY[sdk=iphoneos*]" = "iPhone Developer";
				COPY_PHASE_STRIP = NO;
				DEBUG_INFORMATION_FORMAT = "dwarf-with-dsym";
				ENABLE_NS_ASSERTIONS = NO;
				ENABLE_STRICT_OBJC_MSGSEND = YES;
				GCC_C_LANGUAGE_STANDARD = gnu99;
				GCC_NO_COMMON_BLOCKS = YES;
				GCC_WARN_64_TO_32_BIT_CONVERSION = YES;
				GCC_WARN_ABOUT_RETURN_TYPE = YES_ERROR;
				GCC_WARN_UNDECLARED_SELECTOR = YES;
				GCC_WARN_UNINITIALIZED_AUTOS = YES_AGGRESSIVE;
				GCC_WARN_UNUSED_FUNCTION = YES;
				GCC_WARN_UNUSED_VARIABLE = YES;
				IPHONEOS_DEPLOYMENT_TARGET = 9.3;
				MTL_ENABLE_DEBUG_INFO = NO;
				SDKROOT = iphoneos;
				TARGETED_DEVICE_FAMILY = "1,2";
				VALIDATE_PRODUCT = YES;
			};
			name = Release;
		};
		85D23226212F3D8B00A55514 /* Debug */ = {
			isa = XCBuildConfiguration;
			buildSettings = {
				ASSETCATALOG_COMPILER_APPICON_NAME = AppIcon;
				INFOPLIST_FILE = NavegacionDos/Info.plist;
				LD_RUNPATH_SEARCH_PATHS = "$(inherited) @executable_path/Frameworks";
				PRODUCT_BUNDLE_IDENTIFIER = edu.ulsa.NavegacionDos;
				PRODUCT_NAME = "$(TARGET_NAME)";
			};
			name = Debug;
		};
		85D23227212F3D8B00A55514 /* Release */ = {
			isa = XCBuildConfiguration;
			buildSettings = {
				ASSETCATALOG_COMPILER_APPICON_NAME = AppIcon;
				INFOPLIST_FILE = NavegacionDos/Info.plist;
				LD_RUNPATH_SEARCH_PATHS = "$(inherited) @executable_path/Frameworks";
				PRODUCT_BUNDLE_IDENTIFIER = edu.ulsa.NavegacionDos;
				PRODUCT_NAME = "$(TARGET_NAME)";
			};
			name = Release;
		};
		85D23229212F3D8B00A55514 /* Debug */ = {
			isa = XCBuildConfiguration;
			buildSettings = {
				BUNDLE_LOADER = "$(TEST_HOST)";
				INFOPLIST_FILE = NavegacionDosTests/Info.plist;
				LD_RUNPATH_SEARCH_PATHS = "$(inherited) @executable_path/Frameworks @loader_path/Frameworks";
				PRODUCT_BUNDLE_IDENTIFIER = edu.ulsa.NavegacionDosTests;
				PRODUCT_NAME = "$(TARGET_NAME)";
				TEST_HOST = "$(BUILT_PRODUCTS_DIR)/NavegacionDos.app/NavegacionDos";
			};
			name = Debug;
		};
		85D2322A212F3D8B00A55514 /* Release */ = {
			isa = XCBuildConfiguration;
			buildSettings = {
				BUNDLE_LOADER = "$(TEST_HOST)";
				INFOPLIST_FILE = NavegacionDosTests/Info.plist;
				LD_RUNPATH_SEARCH_PATHS = "$(inherited) @executable_path/Frameworks @loader_path/Frameworks";
				PRODUCT_BUNDLE_IDENTIFIER = edu.ulsa.NavegacionDosTests;
				PRODUCT_NAME = "$(TARGET_NAME)";
				TEST_HOST = "$(BUILT_PRODUCTS_DIR)/NavegacionDos.app/NavegacionDos";
			};
			name = Release;
		};
		85D2322C212F3D8B00A55514 /* Debug */ = {
			isa = XCBuildConfiguration;
			buildSettings = {
				INFOPLIST_FILE = NavegacionDosUITests/Info.plist;
				LD_RUNPATH_SEARCH_PATHS = "$(inherited) @executable_path/Frameworks @loader_path/Frameworks";
				PRODUCT_BUNDLE_IDENTIFIER = edu.ulsa.NavegacionDosUITests;
				PRODUCT_NAME = "$(TARGET_NAME)";
				TEST_TARGET_NAME = NavegacionDos;
			};
			name = Debug;
		};
		85D2322D212F3D8B00A55514 /* Release */ = {
			isa = XCBuildConfiguration;
			buildSettings = {
				INFOPLIST_FILE = NavegacionDosUITests/Info.plist;
				LD_RUNPATH_SEARCH_PATHS = "$(inherited) @executable_path/Frameworks @loader_path/Frameworks";
				PRODUCT_BUNDLE_IDENTIFIER = edu.ulsa.NavegacionDosUITests;
				PRODUCT_NAME = "$(TARGET_NAME)";
				TEST_TARGET_NAME = NavegacionDos;
			};
			name = Release;
		};
/* End XCBuildConfiguration section */

/* Begin XCConfigurationList section */
		85D231F8212F3D8A00A55514 /* Build configuration list for PBXProject "NavegacionDos" */ = {
			isa = XCConfigurationList;
			buildConfigurations = (
				85D23223212F3D8B00A55514 /* Debug */,
				85D23224212F3D8B00A55514 /* Release */,
			);
			defaultConfigurationIsVisible = 0;
			defaultConfigurationName = Release;
		};
		85D23225212F3D8B00A55514 /* Build configuration list for PBXNativeTarget "NavegacionDos" */ = {
			isa = XCConfigurationList;
			buildConfigurations = (
				85D23226212F3D8B00A55514 /* Debug */,
				85D23227212F3D8B00A55514 /* Release */,
			);
			defaultConfigurationIsVisible = 0;
		};
		85D23228212F3D8B00A55514 /* Build configuration list for PBXNativeTarget "NavegacionDosTests" */ = {
			isa = XCConfigurationList;
			buildConfigurations = (
				85D23229212F3D8B00A55514 /* Debug */,
				85D2322A212F3D8B00A55514 /* Release */,
			);
			defaultConfigurationIsVisible = 0;
		};
		85D2322B212F3D8B00A55514 /* Build configuration list for PBXNativeTarget "NavegacionDosUITests" */ = {
			isa = XCConfigurationList;
			buildConfigurations = (
				85D2322C212F3D8B00A55514 /* Debug */,
				85D2322D212F3D8B00A55514 /* Release */,
			);
			defaultConfigurationIsVisible = 0;
		};
/* End XCConfigurationList section */
	};
	rootObject = 85D231F5212F3D8A00A55514 /* Project object */;
}
